
Microsoft Visual Studio Solution File, Format Version 12.00
# Visual Studio Version 17
VisualStudioVersion = 17.7.34031.279
MinimumVisualStudioVersion = 10.0.40219.1
Project("{FAE04EC0-301F-11D3-BF4B-00C04F79EFBC}") = "Mumu.UI.Wpf", "Mumu.UI.Wpf\Mumu.UI.Wpf.csproj", "{497D0AE5-09F2-498E-A550-04C42C007E03}"
EndProject
Project("{FAE04EC0-301F-11D3-BF4B-00C04F79EFBC}") = "MumuDemo", "MumuDemo\MumuDemo.csproj", "{8B548A7A-2061-45A5-98E1-AD47747B4F1C}"
EndProject
Global
	GlobalSection(SolutionConfigurationPlatforms) = preSolution
		Debug|Any CPU = Debug|Any CPU
		Release|Any CPU = Release|Any CPU
	EndGlobalSection
	GlobalSection(ProjectConfigurationPlatforms) = postSolution
		{497D0AE5-09F2-498E-A550-04C42C007E03}.Debug|Any CPU.ActiveCfg = Debug|Any CPU
		{497D0AE5-09F2-498E-A550-04C42C007E03}.Debug|Any CPU.Build.0 = Debug|Any CPU
		{497D0AE5-09F2-498E-A550-04C42C007E03}.Release|Any CPU.ActiveCfg = Release|Any CPU
		{497D0AE5-09F2-498E-A550-04C42C007E03}.Release|Any CPU.Build.0 = Release|Any CPU
		{8B548A7A-2061-45A5-98E1-AD47747B4F1C}.Debug|Any CPU.ActiveCfg = Debug|Any CPU
		{8B548A7A-2061-45A5-98E1-AD47747B4F1C}.Debug|Any CPU.Build.0 = Debug|Any CPU
		{8B548A7A-2061-45A5-98E1-AD47747B4F1C}.Release|Any CPU.ActiveCfg = Release|Any CPU
		{8B548A7A-2061-45A5-98E1-AD47747B4F1C}.Release|Any CPU.Build.0 = Release|Any CPU
	EndGlobalSection
	GlobalSection(SolutionProperties) = preSolution
		HideSolutionNode = FALSE
	EndGlobalSection
	GlobalSection(ExtensibilityGlobals) = postSolution
		SolutionGuid = {B008840E-D9FC-4151-AD2F-6AA8878F13E3}
	EndGlobalSection
EndGlobal
